
Microsoft Visual Studio Solution File, Format Version 12.00
# Visual Studio Version 17
VisualStudioVersion = 17.0.31903.59
MinimumVisualStudioVersion = 10.0.40219.1
Project("{2150E333-8FDC-42A3-9474-1A3956D46DE8}") = "src", "src", "{827E0CD3-B72D-47B6-A68D-7590B98EB39B}"
EndProject
Project("{FAE04EC0-301F-11D3-BF4B-00C04F79EFBC}") = "FinLedger.Api", "src\FinLedger.Api\FinLedger.Api.csproj", "{D0CDEF40-BE26-4DD6-A85D-67FB66980BC6}"
EndProject
Project("{FAE04EC0-301F-11D3-BF4B-00C04F79EFBC}") = "FinLedger.Domain", "src\FinLedger.Domain\FinLedger.Domain.csproj", "{4CC11868-CAFF-448D-9BA0-A34A6A768019}"
EndProject
Project("{FAE04EC0-301F-11D3-BF4B-00C04F79EFBC}") = "FinLedger.Infrastructure", "src\FinLedger.Infrastructure\FinLedger.Infrastructure.csproj", "{5582867F-2A4A-4AD2-852C-864429DED654}"
EndProject
Global
	GlobalSection(SolutionConfigurationPlatforms) = preSolution
		Debug|Any CPU = Debug|Any CPU
		Debug|x64 = Debug|x64
		Debug|x86 = Debug|x86
		Release|Any CPU = Release|Any CPU
		Release|x64 = Release|x64
		Release|x86 = Release|x86
	EndGlobalSection
	GlobalSection(ProjectConfigurationPlatforms) = postSolution
		{D0CDEF40-BE26-4DD6-A85D-67FB66980BC6}.Debug|Any CPU.ActiveCfg = Debug|Any CPU
		{D0CDEF40-BE26-4DD6-A85D-67FB66980BC6}.Debug|Any CPU.Build.0 = Debug|Any CPU
		{D0CDEF40-BE26-4DD6-A85D-67FB66980BC6}.Debug|x64.ActiveCfg = Debug|Any CPU
		{D0CDEF40-BE26-4DD6-A85D-67FB66980BC6}.Debug|x64.Build.0 = Debug|Any CPU
		{D0CDEF40-BE26-4DD6-A85D-67FB66980BC6}.Debug|x86.ActiveCfg = Debug|Any CPU
		{D0CDEF40-BE26-4DD6-A85D-67FB66980BC6}.Debug|x86.Build.0 = Debug|Any CPU
		{D0CDEF40-BE26-4DD6-A85D-67FB66980BC6}.Release|Any CPU.ActiveCfg = Release|Any CPU
		{D0CDEF40-BE26-4DD6-A85D-67FB66980BC6}.Release|Any CPU.Build.0 = Release|Any CPU
		{D0CDEF40-BE26-4DD6-A85D-67FB66980BC6}.Release|x64.ActiveCfg = Release|Any CPU
		{D0CDEF40-BE26-4DD6-A85D-67FB66980BC6}.Release|x64.Build.0 = Release|Any CPU
		{D0CDEF40-BE26-4DD6-A85D-67FB66980BC6}.Release|x86.ActiveCfg = Release|Any CPU
		{D0CDEF40-BE26-4DD6-A85D-67FB66980BC6}.Release|x86.Build.0 = Release|Any CPU
		{4CC11868-CAFF-448D-9BA0-A34A6A768019}.Debug|Any CPU.ActiveCfg = Debug|Any CPU
		{4CC11868-CAFF-448D-9BA0-A34A6A768019}.Debug|Any CPU.Build.0 = Debug|Any CPU
		{4CC11868-CAFF-448D-9BA0-A34A6A768019}.Debug|x64.ActiveCfg = Debug|Any CPU
		{4CC11868-CAFF-448D-9BA0-A34A6A768019}.Debug|x64.Build.0 = Debug|Any CPU
		{4CC11868-CAFF-448D-9BA0-A34A6A768019}.Debug|x86.ActiveCfg = Debug|Any CPU
		{4CC11868-CAFF-448D-9BA0-A34A6A768019}.Debug|x86.Build.0 = Debug|Any CPU
		{4CC11868-CAFF-448D-9BA0-A34A6A768019}.Release|Any CPU.ActiveCfg = Release|Any CPU
		{4CC11868-CAFF-448D-9BA0-A34A6A768019}.Release|Any CPU.Build.0 = Release|Any CPU
		{4CC11868-CAFF-448D-9BA0-A34A6A768019}.Release|x64.ActiveCfg = Release|Any CPU
		{4CC11868-CAFF-448D-9BA0-A34A6A768019}.Release|x64.Build.0 = Release|Any CPU
		{4CC11868-CAFF-448D-9BA0-A34A6A768019}.Release|x86.ActiveCfg = Release|Any CPU
		{4CC11868-CAFF-448D-9BA0-A34A6A768019}.Release|x86.Build.0 = Release|Any CPU
		{5582867F-2A4A-4AD2-852C-864429DED654}.Debug|Any CPU.ActiveCfg = Debug|Any CPU
		{5582867F-2A4A-4AD2-852C-864429DED654}.Debug|Any CPU.Build.0 = Debug|Any CPU
		{5582867F-2A4A-4AD2-852C-864429DED654}.Debug|x64.ActiveCfg = Debug|Any CPU
		{5582867F-2A4A-4AD2-852C-864429DED654}.Debug|x64.Build.0 = Debug|Any CPU
		{5582867F-2A4A-4AD2-852C-864429DED654}.Debug|x86.ActiveCfg = Debug|Any CPU
		{5582867F-2A4A-4AD2-852C-864429DED654}.Debug|x86.Build.0 = Debug|Any CPU
		{5582867F-2A4A-4AD2-852C-864429DED654}.Release|Any CPU.ActiveCfg = Release|Any CPU
		{5582867F-2A4A-4AD2-852C-864429DED654}.Release|Any CPU.Build.0 = Release|Any CPU
		{5582867F-2A4A-4AD2-852C-864429DED654}.Release|x64.ActiveCfg = Release|Any CPU
		{5582867F-2A4A-4AD2-852C-864429DED654}.Release|x64.Build.0 = Release|Any CPU
		{5582867F-2A4A-4AD2-852C-864429DED654}.Release|x86.ActiveCfg = Release|Any CPU
		{5582867F-2A4A-4AD2-852C-864429DED654}.Release|x86.Build.0 = Release|Any CPU
	EndGlobalSection
	GlobalSection(SolutionProperties) = preSolution
		HideSolutionNode = FALSE
	EndGlobalSection
	GlobalSection(NestedProjects) = preSolution
		{D0CDEF40-BE26-4DD6-A85D-67FB66980BC6} = {827E0CD3-B72D-47B6-A68D-7590B98EB39B}
		{4CC11868-CAFF-448D-9BA0-A34A6A768019} = {827E0CD3-B72D-47B6-A68D-7590B98EB39B}
		{5582867F-2A4A-4AD2-852C-864429DED654} = {827E0CD3-B72D-47B6-A68D-7590B98EB39B}
	EndGlobalSection
EndGlobal
